// !$*UTF8*$!
{
	archiveVersion = 1;
	classes = {
	};
	objectVersion = 52;
	objects = {

/* Begin PBXBuildFile section */
		7723CFB6266BB715002DD09A /* DataSource.swift in Sources */ = {isa = PBXBuildFile; fileRef = 7723CFB5266BB715002DD09A /* DataSource.swift */; };
		7723CFB8266BCA88002DD09A /* ContactsModel.swift in Sources */ = {isa = PBXBuildFile; fileRef = 7723CFB7266BCA88002DD09A /* ContactsModel.swift */; };
		7723CFBA266E1F70002DD09A /* ContactListCoordinator.swift in Sources */ = {isa = PBXBuildFile; fileRef = 7723CFB9266E1F70002DD09A /* ContactListCoordinator.swift */; };
		7723CFBC266E20D9002DD09A /* ContactDetailsCoordinator.swift in Sources */ = {isa = PBXBuildFile; fileRef = 7723CFBB266E20D9002DD09A /* ContactDetailsCoordinator.swift */; };
		7723CFBE266F7448002DD09A /* Constants.swift in Sources */ = {isa = PBXBuildFile; fileRef = 7723CFBD266F7448002DD09A /* Constants.swift */; };
		77668F6326640CBB007C6F25 /* AppDelegate.swift in Sources */ = {isa = PBXBuildFile; fileRef = 77668F6226640CBB007C6F25 /* AppDelegate.swift */; };
		77668F6526640CBB007C6F25 /* SceneDelegate.swift in Sources */ = {isa = PBXBuildFile; fileRef = 77668F6426640CBB007C6F25 /* SceneDelegate.swift */; };
		77668F6C26640CBE007C6F25 /* Assets.xcassets in Resources */ = {isa = PBXBuildFile; fileRef = 77668F6B26640CBE007C6F25 /* Assets.xcassets */; };
		77668F6F26640CBE007C6F25 /* LaunchScreen.storyboard in Resources */ = {isa = PBXBuildFile; fileRef = 77668F6D26640CBE007C6F25 /* LaunchScreen.storyboard */; };
		77668F7A26640DBE007C6F25 /* MainCoordinator.swift in Sources */ = {isa = PBXBuildFile; fileRef = 77668F7926640DBE007C6F25 /* MainCoordinator.swift */; };
		77668F7E26640EB9007C6F25 /* ContactListViewController.swift in Sources */ = {isa = PBXBuildFile; fileRef = 77668F7D26640EB9007C6F25 /* ContactListViewController.swift */; };
		77668F8126640EF0007C6F25 /* ContactListViewModel.swift in Sources */ = {isa = PBXBuildFile; fileRef = 77668F8026640EF0007C6F25 /* ContactListViewModel.swift */; };
		77668F8526640F38007C6F25 /* ContactDetailsViewController.swift in Sources */ = {isa = PBXBuildFile; fileRef = 77668F8426640F38007C6F25 /* ContactDetailsViewController.swift */; };
		77668F8C26640F82007C6F25 /* ContactDetailsViewModel.swift in Sources */ = {isa = PBXBuildFile; fileRef = 77668F8B26640F82007C6F25 /* ContactDetailsViewModel.swift */; };
		77668F9126640FE9007C6F25 /* ContactViewController.swift in Sources */ = {isa = PBXBuildFile; fileRef = 77668F9026640FE9007C6F25 /* ContactViewController.swift */; };
		77668F9526641036007C6F25 /* ContactViewModel.swift in Sources */ = {isa = PBXBuildFile; fileRef = 77668F9426641036007C6F25 /* ContactViewModel.swift */; };
		77668FA1266410FC007C6F25 /* ContactData.swift in Sources */ = {isa = PBXBuildFile; fileRef = 77668FA0266410FC007C6F25 /* ContactData.swift */; };
		77668FA526641139007C6F25 /* ImageStorage.swift in Sources */ = {isa = PBXBuildFile; fileRef = 77668FA426641139007C6F25 /* ImageStorage.swift */; };
		77668FA8266411B2007C6F25 /* CoreDataManager.swift in Sources */ = {isa = PBXBuildFile; fileRef = 77668FA7266411B2007C6F25 /* CoreDataManager.swift */; };
		77668FAC2664123C007C6F25 /* ContactContainer.xcdatamodeld in Sources */ = {isa = PBXBuildFile; fileRef = 77668FAA2664123C007C6F25 /* ContactContainer.xcdatamodeld */; };
		77668FB026641346007C6F25 /* ContactEntity+CoreDataClass.swift in Sources */ = {isa = PBXBuildFile; fileRef = 77668FAE26641346007C6F25 /* ContactEntity+CoreDataClass.swift */; };
		77668FB126641346007C6F25 /* ContactEntity+CoreDataProperties.swift in Sources */ = {isa = PBXBuildFile; fileRef = 77668FAF26641346007C6F25 /* ContactEntity+CoreDataProperties.swift */; };
		77668FBE266415E8007C6F25 /* UIColor+CustomUIColors.swift in Sources */ = {isa = PBXBuildFile; fileRef = 77668FBD266415E8007C6F25 /* UIColor+CustomUIColors.swift */; };
		77668FC126641601007C6F25 /* UIFont+CustomUIFonts.swift in Sources */ = {isa = PBXBuildFile; fileRef = 77668FC026641601007C6F25 /* UIFont+CustomUIFonts.swift */; };
		77668FC426641675007C6F25 /* Images.swift in Sources */ = {isa = PBXBuildFile; fileRef = 77668FC326641675007C6F25 /* Images.swift */; };
		77668FCF2665AF61007C6F25 /* ContactTableViewCell.swift in Sources */ = {isa = PBXBuildFile; fileRef = 77668FCE2665AF61007C6F25 /* ContactTableViewCell.swift */; };
		77668FD52665BD4E007C6F25 /* LocalizationConstants.swift in Sources */ = {isa = PBXBuildFile; fileRef = 77668FD42665BD4E007C6F25 /* LocalizationConstants.swift */; };
		77668FD72665BD71007C6F25 /* Localizable.strings in Resources */ = {isa = PBXBuildFile; fileRef = 77668FD92665BD71007C6F25 /* Localizable.strings */; };
		77668FDC2665EEA3007C6F25 /* UINavigationController+CustomTransition.swift in Sources */ = {isa = PBXBuildFile; fileRef = 77668FDB2665EEA3007C6F25 /* UINavigationController+CustomTransition.swift */; };
		77668FE126675D9E007C6F25 /* StretchyTableHeaderView.swift in Sources */ = {isa = PBXBuildFile; fileRef = 77668FE026675D9D007C6F25 /* StretchyTableHeaderView.swift */; };
		77668FE62667698C007C6F25 /* SnapKit in Frameworks */ = {isa = PBXBuildFile; productRef = 77668FE52667698C007C6F25 /* SnapKit */; };
		77668FFB2667FD89007C6F25 /* ContactDetailTableViewCell.swift in Sources */ = {isa = PBXBuildFile; fileRef = 77668FFA2667FD88007C6F25 /* ContactDetailTableViewCell.swift */; };
		776FC4E02671E8CF00996C37 /* ContactSomeDetailCellView.swift in Sources */ = {isa = PBXBuildFile; fileRef = 776FC4DF2671E8CF00996C37 /* ContactSomeDetailCellView.swift */; };
/* End PBXBuildFile section */

/* Begin PBXFileReference section */
		7723CFB5266BB715002DD09A /* DataSource.swift */ = {isa = PBXFileReference; lastKnownFileType = sourcecode.swift; path = DataSource.swift; sourceTree = "<group>"; };
		7723CFB7266BCA88002DD09A /* ContactsModel.swift */ = {isa = PBXFileReference; lastKnownFileType = sourcecode.swift; path = ContactsModel.swift; sourceTree = "<group>"; };
		7723CFB9266E1F70002DD09A /* ContactListCoordinator.swift */ = {isa = PBXFileReference; lastKnownFileType = sourcecode.swift; path = ContactListCoordinator.swift; sourceTree = "<group>"; };
		7723CFBB266E20D9002DD09A /* ContactDetailsCoordinator.swift */ = {isa = PBXFileReference; lastKnownFileType = sourcecode.swift; path = ContactDetailsCoordinator.swift; sourceTree = "<group>"; };
		7723CFBD266F7448002DD09A /* Constants.swift */ = {isa = PBXFileReference; lastKnownFileType = sourcecode.swift; path = Constants.swift; sourceTree = "<group>"; };
		77668F5F26640CBB007C6F25 /* PhoneBook.app */ = {isa = PBXFileReference; explicitFileType = wrapper.application; includeInIndex = 0; path = PhoneBook.app; sourceTree = BUILT_PRODUCTS_DIR; };
		77668F6226640CBB007C6F25 /* AppDelegate.swift */ = {isa = PBXFileReference; lastKnownFileType = sourcecode.swift; path = AppDelegate.swift; sourceTree = "<group>"; };
		77668F6426640CBB007C6F25 /* SceneDelegate.swift */ = {isa = PBXFileReference; lastKnownFileType = sourcecode.swift; path = SceneDelegate.swift; sourceTree = "<group>"; };
		77668F6B26640CBE007C6F25 /* Assets.xcassets */ = {isa = PBXFileReference; lastKnownFileType = folder.assetcatalog; path = Assets.xcassets; sourceTree = "<group>"; };
		77668F6E26640CBE007C6F25 /* Base */ = {isa = PBXFileReference; lastKnownFileType = file.storyboard; name = Base; path = Base.lproj/LaunchScreen.storyboard; sourceTree = "<group>"; };
		77668F7026640CBE007C6F25 /* Info.plist */ = {isa = PBXFileReference; lastKnownFileType = text.plist.xml; path = Info.plist; sourceTree = "<group>"; };
		77668F7926640DBE007C6F25 /* MainCoordinator.swift */ = {isa = PBXFileReference; lastKnownFileType = sourcecode.swift; path = MainCoordinator.swift; sourceTree = "<group>"; };
		77668F7D26640EB9007C6F25 /* ContactListViewController.swift */ = {isa = PBXFileReference; lastKnownFileType = sourcecode.swift; path = ContactListViewController.swift; sourceTree = "<group>"; };
		77668F8026640EF0007C6F25 /* ContactListViewModel.swift */ = {isa = PBXFileReference; lastKnownFileType = sourcecode.swift; path = ContactListViewModel.swift; sourceTree = "<group>"; };
		77668F8426640F38007C6F25 /* ContactDetailsViewController.swift */ = {isa = PBXFileReference; lastKnownFileType = sourcecode.swift; path = ContactDetailsViewController.swift; sourceTree = "<group>"; };
		77668F8B26640F82007C6F25 /* ContactDetailsViewModel.swift */ = {isa = PBXFileReference; lastKnownFileType = sourcecode.swift; path = ContactDetailsViewModel.swift; sourceTree = "<group>"; };
		77668F9026640FE9007C6F25 /* ContactViewController.swift */ = {isa = PBXFileReference; lastKnownFileType = sourcecode.swift; path = ContactViewController.swift; sourceTree = "<group>"; };
		77668F9426641036007C6F25 /* ContactViewModel.swift */ = {isa = PBXFileReference; lastKnownFileType = sourcecode.swift; path = ContactViewModel.swift; sourceTree = "<group>"; };
		77668FA0266410FC007C6F25 /* ContactData.swift */ = {isa = PBXFileReference; lastKnownFileType = sourcecode.swift; path = ContactData.swift; sourceTree = "<group>"; };
		77668FA426641139007C6F25 /* ImageStorage.swift */ = {isa = PBXFileReference; lastKnownFileType = sourcecode.swift; path = ImageStorage.swift; sourceTree = "<group>"; };
		77668FA7266411B2007C6F25 /* CoreDataManager.swift */ = {isa = PBXFileReference; lastKnownFileType = sourcecode.swift; path = CoreDataManager.swift; sourceTree = "<group>"; };
		77668FAB2664123C007C6F25 /* ContactContainer.xcdatamodel */ = {isa = PBXFileReference; lastKnownFileType = wrapper.xcdatamodel; path = ContactContainer.xcdatamodel; sourceTree = "<group>"; };
		77668FAE26641346007C6F25 /* ContactEntity+CoreDataClass.swift */ = {isa = PBXFileReference; lastKnownFileType = sourcecode.swift; path = "ContactEntity+CoreDataClass.swift"; sourceTree = "<group>"; };
		77668FAF26641346007C6F25 /* ContactEntity+CoreDataProperties.swift */ = {isa = PBXFileReference; lastKnownFileType = sourcecode.swift; path = "ContactEntity+CoreDataProperties.swift"; sourceTree = "<group>"; };
		77668FBD266415E8007C6F25 /* UIColor+CustomUIColors.swift */ = {isa = PBXFileReference; lastKnownFileType = sourcecode.swift; path = "UIColor+CustomUIColors.swift"; sourceTree = "<group>"; };
		77668FC026641601007C6F25 /* UIFont+CustomUIFonts.swift */ = {isa = PBXFileReference; lastKnownFileType = sourcecode.swift; path = "UIFont+CustomUIFonts.swift"; sourceTree = "<group>"; };
		77668FC326641675007C6F25 /* Images.swift */ = {isa = PBXFileReference; lastKnownFileType = sourcecode.swift; path = Images.swift; sourceTree = "<group>"; };
		77668FCE2665AF61007C6F25 /* ContactTableViewCell.swift */ = {isa = PBXFileReference; lastKnownFileType = sourcecode.swift; path = ContactTableViewCell.swift; sourceTree = "<group>"; };
		77668FD42665BD4E007C6F25 /* LocalizationConstants.swift */ = {isa = PBXFileReference; lastKnownFileType = sourcecode.swift; path = LocalizationConstants.swift; sourceTree = "<group>"; };
		77668FD82665BD71007C6F25 /* en */ = {isa = PBXFileReference; lastKnownFileType = text.plist.strings; name = en; path = en.lproj/Localizable.strings; sourceTree = "<group>"; };
		77668FDB2665EEA3007C6F25 /* UINavigationController+CustomTransition.swift */ = {isa = PBXFileReference; lastKnownFileType = sourcecode.swift; path = "UINavigationController+CustomTransition.swift"; sourceTree = "<group>"; };
		77668FE026675D9D007C6F25 /* StretchyTableHeaderView.swift */ = {isa = PBXFileReference; lastKnownFileType = sourcecode.swift; path = StretchyTableHeaderView.swift; sourceTree = "<group>"; };
		77668FFA2667FD88007C6F25 /* ContactDetailTableViewCell.swift */ = {isa = PBXFileReference; lastKnownFileType = sourcecode.swift; path = ContactDetailTableViewCell.swift; sourceTree = "<group>"; };
		776FC4DF2671E8CF00996C37 /* ContactSomeDetailCellView.swift */ = {isa = PBXFileReference; lastKnownFileType = sourcecode.swift; path = ContactSomeDetailCellView.swift; sourceTree = "<group>"; };
/* End PBXFileReference section */

/* Begin PBXFrameworksBuildPhase section */
		77668F5C26640CBB007C6F25 /* Frameworks */ = {
			isa = PBXFrameworksBuildPhase;
			buildActionMask = 2147483647;
			files = (
				77668FE62667698C007C6F25 /* SnapKit in Frameworks */,
			);
			runOnlyForDeploymentPostprocessing = 0;
		};
/* End PBXFrameworksBuildPhase section */

/* Begin PBXGroup section */
		77668F5626640CBB007C6F25 = {
			isa = PBXGroup;
			children = (
				77668F6126640CBB007C6F25 /* PhoneBook */,
				77668F6026640CBB007C6F25 /* Products */,
			);
			sourceTree = "<group>";
		};
		77668F6026640CBB007C6F25 /* Products */ = {
			isa = PBXGroup;
			children = (
				77668F5F26640CBB007C6F25 /* PhoneBook.app */,
			);
			name = Products;
			sourceTree = "<group>";
		};
		77668F6126640CBB007C6F25 /* PhoneBook */ = {
			isa = PBXGroup;
			children = (
				77668F6226640CBB007C6F25 /* AppDelegate.swift */,
				77668F6426640CBB007C6F25 /* SceneDelegate.swift */,
				77668FD92665BD71007C6F25 /* Localizable.strings */,
				77668FD42665BD4E007C6F25 /* LocalizationConstants.swift */,
				77668FDE2665FD82007C6F25 /* Utilities */,
				77668FCB26658B80007C6F25 /* Extensions */,
				77668FB4266413C8007C6F25 /* CoreDataEntities */,
				77668FFD26689B97007C6F25 /* CoreData */,
				77668FFE26689BBB007C6F25 /* Models */,
				7766900026689C00007C6F25 /* Coordinator */,
				77668F8326640F0A007C6F25 /* ContactList */,
				77668F8E26640FBB007C6F25 /* ContactDetails */,
				77668F972664104F007C6F25 /* AddContact */,
				77668F6B26640CBE007C6F25 /* Assets.xcassets */,
				77668F6D26640CBE007C6F25 /* LaunchScreen.storyboard */,
				77668F7026640CBE007C6F25 /* Info.plist */,
			);
			path = PhoneBook;
			sourceTree = "<group>";
		};
		77668F8326640F0A007C6F25 /* ContactList */ = {
			isa = PBXGroup;
			children = (
				7723CFB9266E1F70002DD09A /* ContactListCoordinator.swift */,
				77668F7D26640EB9007C6F25 /* ContactListViewController.swift */,
				7723CFB5266BB715002DD09A /* DataSource.swift */,
				77668FCE2665AF61007C6F25 /* ContactTableViewCell.swift */,
				77668F8026640EF0007C6F25 /* ContactListViewModel.swift */,
			);
			path = ContactList;
			sourceTree = "<group>";
		};
		77668F8E26640FBB007C6F25 /* ContactDetails */ = {
			isa = PBXGroup;
			children = (
				7723CFBB266E20D9002DD09A /* ContactDetailsCoordinator.swift */,
				77668F8426640F38007C6F25 /* ContactDetailsViewController.swift */,
				77668FE026675D9D007C6F25 /* StretchyTableHeaderView.swift */,
				77668FFA2667FD88007C6F25 /* ContactDetailTableViewCell.swift */,
				77668F8B26640F82007C6F25 /* ContactDetailsViewModel.swift */,
			);
			path = ContactDetails;
			sourceTree = "<group>";
		};
		77668F972664104F007C6F25 /* AddContact */ = {
			isa = PBXGroup;
			children = (
				77668F9026640FE9007C6F25 /* ContactViewController.swift */,
				776FC4DF2671E8CF00996C37 /* ContactSomeDetailCellView.swift */,
				77668F9426641036007C6F25 /* ContactViewModel.swift */,
			);
			path = AddContact;
			sourceTree = "<group>";
		};
		77668FB4266413C8007C6F25 /* CoreDataEntities */ = {
			isa = PBXGroup;
			children = (
				77668FAE26641346007C6F25 /* ContactEntity+CoreDataClass.swift */,
				77668FAF26641346007C6F25 /* ContactEntity+CoreDataProperties.swift */,
			);
			path = CoreDataEntities;
			sourceTree = "<group>";
		};
		77668FCB26658B80007C6F25 /* Extensions */ = {
			isa = PBXGroup;
			children = (
				77668FBD266415E8007C6F25 /* UIColor+CustomUIColors.swift */,
				77668FC026641601007C6F25 /* UIFont+CustomUIFonts.swift */,
				77668FDB2665EEA3007C6F25 /* UINavigationController+CustomTransition.swift */,
			);
			path = Extensions;
			sourceTree = "<group>";
		};
		77668FDE2665FD82007C6F25 /* Utilities */ = {
			isa = PBXGroup;
			children = (
				77668FC326641675007C6F25 /* Images.swift */,
				7723CFBD266F7448002DD09A /* Constants.swift */,
			);
			path = Utilities;
			sourceTree = "<group>";
		};
		77668FFD26689B97007C6F25 /* CoreData */ = {
			isa = PBXGroup;
			children = (
				77668FA426641139007C6F25 /* ImageStorage.swift */,
				77668FA7266411B2007C6F25 /* CoreDataManager.swift */,
				77668FAA2664123C007C6F25 /* ContactContainer.xcdatamodeld */,
			);
			path = CoreData;
			sourceTree = "<group>";
		};
		77668FFE26689BBB007C6F25 /* Models */ = {
			isa = PBXGroup;
			children = (
				77668FA0266410FC007C6F25 /* ContactData.swift */,
				7723CFB7266BCA88002DD09A /* ContactsModel.swift */,
			);
			path = Models;
			sourceTree = "<group>";
		};
		7766900026689C00007C6F25 /* Coordinator */ = {
			isa = PBXGroup;
			children = (
				77668F7926640DBE007C6F25 /* MainCoordinator.swift */,
			);
			path = Coordinator;
			sourceTree = "<group>";
		};
/* End PBXGroup section */

/* Begin PBXNativeTarget section */
		77668F5E26640CBB007C6F25 /* PhoneBook */ = {
			isa = PBXNativeTarget;
			buildConfigurationList = 77668F7326640CBE007C6F25 /* Build configuration list for PBXNativeTarget "PhoneBook" */;
			buildPhases = (
				77668F5B26640CBB007C6F25 /* Sources */,
				77668F5C26640CBB007C6F25 /* Frameworks */,
				77668F5D26640CBB007C6F25 /* Resources */,
			);
			buildRules = (
			);
			dependencies = (
			);
			name = PhoneBook;
			packageProductDependencies = (
				77668FE52667698C007C6F25 /* SnapKit */,
			);
			productName = PhoneBook;
			productReference = 77668F5F26640CBB007C6F25 /* PhoneBook.app */;
			productType = "com.apple.product-type.application";
		};
/* End PBXNativeTarget section */

/* Begin PBXProject section */
		77668F5726640CBB007C6F25 /* Project object */ = {
			isa = PBXProject;
			attributes = {
				LastSwiftUpdateCheck = 1240;
				LastUpgradeCheck = 1240;
				TargetAttributes = {
					77668F5E26640CBB007C6F25 = {
						CreatedOnToolsVersion = 12.4;
					};
				};
			};
			buildConfigurationList = 77668F5A26640CBB007C6F25 /* Build configuration list for PBXProject "PhoneBook" */;
			compatibilityVersion = "Xcode 9.3";
			developmentRegion = en;
			hasScannedForEncodings = 0;
			knownRegions = (
				en,
				Base,
			);
			mainGroup = 77668F5626640CBB007C6F25;
			packageReferences = (
				77668FE42667698C007C6F25 /* XCRemoteSwiftPackageReference "SnapKit" */,
			);
			productRefGroup = 77668F6026640CBB007C6F25 /* Products */;
			projectDirPath = "";
			projectRoot = "";
			targets = (
				77668F5E26640CBB007C6F25 /* PhoneBook */,
			);
		};
/* End PBXProject section */

/* Begin PBXResourcesBuildPhase section */
		77668F5D26640CBB007C6F25 /* Resources */ = {
			isa = PBXResourcesBuildPhase;
			buildActionMask = 2147483647;
			files = (
				77668F6F26640CBE007C6F25 /* LaunchScreen.storyboard in Resources */,
				77668FD72665BD71007C6F25 /* Localizable.strings in Resources */,
				77668F6C26640CBE007C6F25 /* Assets.xcassets in Resources */,
			);
			runOnlyForDeploymentPostprocessing = 0;
		};
/* End PBXResourcesBuildPhase section */

/* Begin PBXSourcesBuildPhase section */
		77668F5B26640CBB007C6F25 /* Sources */ = {
			isa = PBXSourcesBuildPhase;
			buildActionMask = 2147483647;
			files = (
				77668FDC2665EEA3007C6F25 /* UINavigationController+CustomTransition.swift in Sources */,
				77668FA526641139007C6F25 /* ImageStorage.swift in Sources */,
				7723CFB6266BB715002DD09A /* DataSource.swift in Sources */,
				77668F7A26640DBE007C6F25 /* MainCoordinator.swift in Sources */,
				77668FE126675D9E007C6F25 /* StretchyTableHeaderView.swift in Sources */,
				7723CFB8266BCA88002DD09A /* ContactsModel.swift in Sources */,
				77668FC426641675007C6F25 /* Images.swift in Sources */,
				77668FA8266411B2007C6F25 /* CoreDataManager.swift in Sources */,
				7723CFBE266F7448002DD09A /* Constants.swift in Sources */,
				77668FC126641601007C6F25 /* UIFont+CustomUIFonts.swift in Sources */,
				77668FAC2664123C007C6F25 /* ContactContainer.xcdatamodeld in Sources */,
				77668FFB2667FD89007C6F25 /* ContactDetailTableViewCell.swift in Sources */,
				77668F8126640EF0007C6F25 /* ContactListViewModel.swift in Sources */,
				7723CFBC266E20D9002DD09A /* ContactDetailsCoordinator.swift in Sources */,
				77668F9126640FE9007C6F25 /* ContactViewController.swift in Sources */,
				77668F8526640F38007C6F25 /* ContactDetailsViewController.swift in Sources */,
				77668FD52665BD4E007C6F25 /* LocalizationConstants.swift in Sources */,
				77668F9526641036007C6F25 /* ContactViewModel.swift in Sources */,
				77668FB026641346007C6F25 /* ContactEntity+CoreDataClass.swift in Sources */,
				77668FB126641346007C6F25 /* ContactEntity+CoreDataProperties.swift in Sources */,
				7723CFBA266E1F70002DD09A /* ContactListCoordinator.swift in Sources */,
				77668F7E26640EB9007C6F25 /* ContactListViewController.swift in Sources */,
				77668FCF2665AF61007C6F25 /* ContactTableViewCell.swift in Sources */,
				77668F6326640CBB007C6F25 /* AppDelegate.swift in Sources */,
				77668F8C26640F82007C6F25 /* ContactDetailsViewModel.swift in Sources */,
				77668FA1266410FC007C6F25 /* ContactData.swift in Sources */,
				77668FBE266415E8007C6F25 /* UIColor+CustomUIColors.swift in Sources */,
				77668F6526640CBB007C6F25 /* SceneDelegate.swift in Sources */,
				776FC4E02671E8CF00996C37 /* ContactSomeDetailCellView.swift in Sources */,
			);
			runOnlyForDeploymentPostprocessing = 0;
		};
/* End PBXSourcesBuildPhase section */

/* Begin PBXVariantGroup section */
		77668F6D26640CBE007C6F25 /* LaunchScreen.storyboard */ = {
			isa = PBXVariantGroup;
			children = (
				77668F6E26640CBE007C6F25 /* Base */,
			);
			name = LaunchScreen.storyboard;
			sourceTree = "<group>";
		};
		77668FD92665BD71007C6F25 /* Localizable.strings */ = {
			isa = PBXVariantGroup;
			children = (
				77668FD82665BD71007C6F25 /* en */,
			);
			name = Localizable.strings;
			sourceTree = "<group>";
		};
/* End PBXVariantGroup section */

/* Begin XCBuildConfiguration section */
		77668F7126640CBE007C6F25 /* Debug */ = {
			isa = XCBuildConfiguration;
			buildSettings = {
				ALWAYS_SEARCH_USER_PATHS = NO;
				CLANG_ANALYZER_NONNULL = YES;
				CLANG_ANALYZER_NUMBER_OBJECT_CONVERSION = YES_AGGRESSIVE;
				CLANG_CXX_LANGUAGE_STANDARD = "gnu++14";
				CLANG_CXX_LIBRARY = "libc++";
				CLANG_ENABLE_MODULES = YES;
				CLANG_ENABLE_OBJC_ARC = YES;
				CLANG_ENABLE_OBJC_WEAK = YES;
				CLANG_WARN_BLOCK_CAPTURE_AUTORELEASING = YES;
				CLANG_WARN_BOOL_CONVERSION = YES;
				CLANG_WARN_COMMA = YES;
				CLANG_WARN_CONSTANT_CONVERSION = YES;
				CLANG_WARN_DEPRECATED_OBJC_IMPLEMENTATIONS = YES;
				CLANG_WARN_DIRECT_OBJC_ISA_USAGE = YES_ERROR;
				CLANG_WARN_DOCUMENTATION_COMMENTS = YES;
				CLANG_WARN_EMPTY_BODY = YES;
				CLANG_WARN_ENUM_CONVERSION = YES;
				CLANG_WARN_INFINITE_RECURSION = YES;
				CLANG_WARN_INT_CONVERSION = YES;
				CLANG_WARN_NON_LITERAL_NULL_CONVERSION = YES;
				CLANG_WARN_OBJC_IMPLICIT_RETAIN_SELF = YES;
				CLANG_WARN_OBJC_LITERAL_CONVERSION = YES;
				CLANG_WARN_OBJC_ROOT_CLASS = YES_ERROR;
				CLANG_WARN_QUOTED_INCLUDE_IN_FRAMEWORK_HEADER = YES;
				CLANG_WARN_RANGE_LOOP_ANALYSIS = YES;
				CLANG_WARN_STRICT_PROTOTYPES = YES;
				CLANG_WARN_SUSPICIOUS_MOVE = YES;
				CLANG_WARN_UNGUARDED_AVAILABILITY = YES_AGGRESSIVE;
				CLANG_WARN_UNREACHABLE_CODE = YES;
				CLANG_WARN__DUPLICATE_METHOD_MATCH = YES;
				COPY_PHASE_STRIP = NO;
				DEBUG_INFORMATION_FORMAT = dwarf;
				ENABLE_STRICT_OBJC_MSGSEND = YES;
				ENABLE_TESTABILITY = YES;
				GCC_C_LANGUAGE_STANDARD = gnu11;
				GCC_DYNAMIC_NO_PIC = NO;
				GCC_NO_COMMON_BLOCKS = YES;
				GCC_OPTIMIZATION_LEVEL = 0;
				GCC_PREPROCESSOR_DEFINITIONS = (
					"DEBUG=1",
					"$(inherited)",
				);
				GCC_WARN_64_TO_32_BIT_CONVERSION = YES;
				GCC_WARN_ABOUT_RETURN_TYPE = YES_ERROR;
				GCC_WARN_UNDECLARED_SELECTOR = YES;
				GCC_WARN_UNINITIALIZED_AUTOS = YES_AGGRESSIVE;
				GCC_WARN_UNUSED_FUNCTION = YES;
				GCC_WARN_UNUSED_VARIABLE = YES;
				IPHONEOS_DEPLOYMENT_TARGET = 14.4;
				MTL_ENABLE_DEBUG_INFO = INCLUDE_SOURCE;
				MTL_FAST_MATH = YES;
				ONLY_ACTIVE_ARCH = YES;
				SDKROOT = iphoneos;
				SWIFT_ACTIVE_COMPILATION_CONDITIONS = DEBUG;
				SWIFT_OPTIMIZATION_LEVEL = "-Onone";
			};
			name = Debug;
		};
		77668F7226640CBE007C6F25 /* Release */ = {
			isa = XCBuildConfiguration;
			buildSettings = {
				ALWAYS_SEARCH_USER_PATHS = NO;
				CLANG_ANALYZER_NONNULL = YES;
				CLANG_ANALYZER_NUMBER_OBJECT_CONVERSION = YES_AGGRESSIVE;
				CLANG_CXX_LANGUAGE_STANDARD = "gnu++14";
				CLANG_CXX_LIBRARY = "libc++";
				CLANG_ENABLE_MODULES = YES;
				CLANG_ENABLE_OBJC_ARC = YES;
				CLANG_ENABLE_OBJC_WEAK = YES;
				CLANG_WARN_BLOCK_CAPTURE_AUTORELEASING = YES;
				CLANG_WARN_BOOL_CONVERSION = YES;
				CLANG_WARN_COMMA = YES;
				CLANG_WARN_CONSTANT_CONVERSION = YES;
				CLANG_WARN_DEPRECATED_OBJC_IMPLEMENTATIONS = YES;
				CLANG_WARN_DIRECT_OBJC_ISA_USAGE = YES_ERROR;
				CLANG_WARN_DOCUMENTATION_COMMENTS = YES;
				CLANG_WARN_EMPTY_BODY = YES;
				CLANG_WARN_ENUM_CONVERSION = YES;
				CLANG_WARN_INFINITE_RECURSION = YES;
				CLANG_WARN_INT_CONVERSION = YES;
				CLANG_WARN_NON_LITERAL_NULL_CONVERSION = YES;
				CLANG_WARN_OBJC_IMPLICIT_RETAIN_SELF = YES;
				CLANG_WARN_OBJC_LITERAL_CONVERSION = YES;
				CLANG_WARN_OBJC_ROOT_CLASS = YES_ERROR;
				CLANG_WARN_QUOTED_INCLUDE_IN_FRAMEWORK_HEADER = YES;
				CLANG_WARN_RANGE_LOOP_ANALYSIS = YES;
				CLANG_WARN_STRICT_PROTOTYPES = YES;
				CLANG_WARN_SUSPICIOUS_MOVE = YES;
				CLANG_WARN_UNGUARDED_AVAILABILITY = YES_AGGRESSIVE;
				CLANG_WARN_UNREACHABLE_CODE = YES;
				CLANG_WARN__DUPLICATE_METHOD_MATCH = YES;
				COPY_PHASE_STRIP = NO;
				DEBUG_INFORMATION_FORMAT = "dwarf-with-dsym";
				ENABLE_NS_ASSERTIONS = NO;
				ENABLE_STRICT_OBJC_MSGSEND = YES;
				GCC_C_LANGUAGE_STANDARD = gnu11;
				GCC_NO_COMMON_BLOCKS = YES;
				GCC_WARN_64_TO_32_BIT_CONVERSION = YES;
				GCC_WARN_ABOUT_RETURN_TYPE = YES_ERROR;
				GCC_WARN_UNDECLARED_SELECTOR = YES;
				GCC_WARN_UNINITIALIZED_AUTOS = YES_AGGRESSIVE;
				GCC_WARN_UNUSED_FUNCTION = YES;
				GCC_WARN_UNUSED_VARIABLE = YES;
				IPHONEOS_DEPLOYMENT_TARGET = 14.4;
				MTL_ENABLE_DEBUG_INFO = NO;
				MTL_FAST_MATH = YES;
				SDKROOT = iphoneos;
				SWIFT_COMPILATION_MODE = wholemodule;
				SWIFT_OPTIMIZATION_LEVEL = "-O";
				VALIDATE_PRODUCT = YES;
			};
			name = Release;
		};
		77668F7426640CBE007C6F25 /* Debug */ = {
			isa = XCBuildConfiguration;
			buildSettings = {
				ASSETCATALOG_COMPILER_APPICON_NAME = AppIcon;
				ASSETCATALOG_COMPILER_GLOBAL_ACCENT_COLOR_NAME = AccentColor;
				CODE_SIGN_STYLE = Automatic;
				DEVELOPMENT_TEAM = AY5BV48T65;
				INFOPLIST_FILE = PhoneBook/Info.plist;
				LD_RUNPATH_SEARCH_PATHS = (
					"$(inherited)",
					"@executable_path/Frameworks",
				);
				PRODUCT_BUNDLE_IDENTIFIER = romagornostay.PhoneBook;
				PRODUCT_NAME = "$(TARGET_NAME)";
				SWIFT_VERSION = 5.0;
				TARGETED_DEVICE_FAMILY = 1;
			};
			name = Debug;
		};
		77668F7526640CBE007C6F25 /* Release */ = {
			isa = XCBuildConfiguration;
			buildSettings = {
				ASSETCATALOG_COMPILER_APPICON_NAME = AppIcon;
				ASSETCATALOG_COMPILER_GLOBAL_ACCENT_COLOR_NAME = AccentColor;
				CODE_SIGN_STYLE = Automatic;
				DEVELOPMENT_TEAM = AY5BV48T65;
				INFOPLIST_FILE = PhoneBook/Info.plist;
				LD_RUNPATH_SEARCH_PATHS = (
					"$(inherited)",
					"@executable_path/Frameworks",
				);
				PRODUCT_BUNDLE_IDENTIFIER = romagornostay.PhoneBook;
				PRODUCT_NAME = "$(TARGET_NAME)";
				SWIFT_VERSION = 5.0;
				TARGETED_DEVICE_FAMILY = 1;
			};
			name = Release;
		};
/* End XCBuildConfiguration section */

/* Begin XCConfigurationList section */
		77668F5A26640CBB007C6F25 /* Build configuration list for PBXProject "PhoneBook" */ = {
			isa = XCConfigurationList;
			buildConfigurations = (
				77668F7126640CBE007C6F25 /* Debug */,
				77668F7226640CBE007C6F25 /* Release */,
			);
			defaultConfigurationIsVisible = 0;
			defaultConfigurationName = Release;
		};
		77668F7326640CBE007C6F25 /* Build configuration list for PBXNativeTarget "PhoneBook" */ = {
			isa = XCConfigurationList;
			buildConfigurations = (
				77668F7426640CBE007C6F25 /* Debug */,
				77668F7526640CBE007C6F25 /* Release */,
			);
			defaultConfigurationIsVisible = 0;
			defaultConfigurationName = Release;
		};
/* End XCConfigurationList section */

/* Begin XCRemoteSwiftPackageReference section */
		77668FE42667698C007C6F25 /* XCRemoteSwiftPackageReference "SnapKit" */ = {
			isa = XCRemoteSwiftPackageReference;
			repositoryURL = "https://github.com/SnapKit/SnapKit.git";
			requirement = {
				kind = upToNextMajorVersion;
				minimumVersion = 5.0.1;
			};
		};
/* End XCRemoteSwiftPackageReference section */

/* Begin XCSwiftPackageProductDependency section */
		77668FE52667698C007C6F25 /* SnapKit */ = {
			isa = XCSwiftPackageProductDependency;
			package = 77668FE42667698C007C6F25 /* XCRemoteSwiftPackageReference "SnapKit" */;
			productName = SnapKit;
		};
/* End XCSwiftPackageProductDependency section */

/* Begin XCVersionGroup section */
		77668FAA2664123C007C6F25 /* ContactContainer.xcdatamodeld */ = {
			isa = XCVersionGroup;
			children = (
				77668FAB2664123C007C6F25 /* ContactContainer.xcdatamodel */,
			);
			currentVersion = 77668FAB2664123C007C6F25 /* ContactContainer.xcdatamodel */;
			path = ContactContainer.xcdatamodeld;
			sourceTree = "<group>";
			versionGroupType = wrapper.xcdatamodel;
		};
/* End XCVersionGroup section */
	};
	rootObject = 77668F5726640CBB007C6F25 /* Project object */;
}
